
Microsoft Visual Studio Solution File, Format Version 12.00
# Visual Studio Version 17
VisualStudioVersion = 17.7.34031.279
MinimumVisualStudioVersion = 10.0.40219.1
Project("{FAE04EC0-301F-11D3-BF4B-00C04F79EFBC}") = "PaintProgramProject", "PaintProgramProject\PaintProgramProject.csproj", "{095CF66E-EE24-40E4-937D-6657AB79106F}"
EndProject
Global
	GlobalSection(SolutionConfigurationPlatforms) = preSolution
		Debug|Any CPU = Debug|Any CPU
		Release|Any CPU = Release|Any CPU
	EndGlobalSection
	GlobalSection(ProjectConfigurationPlatforms) = postSolution
		{095CF66E-EE24-40E4-937D-6657AB79106F}.Debug|Any CPU.ActiveCfg = Debug|Any CPU
		{095CF66E-EE24-40E4-937D-6657AB79106F}.Debug|Any CPU.Build.0 = Debug|Any CPU
		{095CF66E-EE24-40E4-937D-6657AB79106F}.Release|Any CPU.ActiveCfg = Release|Any CPU
		{095CF66E-EE24-40E4-937D-6657AB79106F}.Release|Any CPU.Build.0 = Release|Any CPU
	EndGlobalSection
	GlobalSection(SolutionProperties) = preSolution
		HideSolutionNode = FALSE
	EndGlobalSection
	GlobalSection(ExtensibilityGlobals) = postSolution
		SolutionGuid = {0CC27238-398C-4101-A37A-7C5A05305BE6}
	EndGlobalSection
EndGlobal
